
Microsoft Visual Studio Solution File, Format Version 12.00
# Visual Studio Version 17
VisualStudioVersion = 17.1.32328.378
MinimumVisualStudioVersion = 10.0.40219.1
Project("{8BC9CEB8-8B4A-11D0-8D11-00A0C91BC942}") = "Exercise 12.12", "Exercise 12.12\Exercise 12.12.vcxproj", "{A2E87FFF-0127-4598-B3A6-4AA1440F77D8}"
EndProject
Global
	GlobalSection(SolutionConfigurationPlatforms) = preSolution
		Debug|x64 = Debug|x64
		Debug|x86 = Debug|x86
		Release|x64 = Release|x64
		Release|x86 = Release|x86
	EndGlobalSection
	GlobalSection(ProjectConfigurationPlatforms) = postSolution
		{A2E87FFF-0127-4598-B3A6-4AA1440F77D8}.Debug|x64.ActiveCfg = Debug|x64
		{A2E87FFF-0127-4598-B3A6-4AA1440F77D8}.Debug|x64.Build.0 = Debug|x64
		{A2E87FFF-0127-4598-B3A6-4AA1440F77D8}.Debug|x86.ActiveCfg = Debug|Win32
		{A2E87FFF-0127-4598-B3A6-4AA1440F77D8}.Debug|x86.Build.0 = Debug|Win32
		{A2E87FFF-0127-4598-B3A6-4AA1440F77D8}.Release|x64.ActiveCfg = Release|x64
		{A2E87FFF-0127-4598-B3A6-4AA1440F77D8}.Release|x64.Build.0 = Release|x64
		{A2E87FFF-0127-4598-B3A6-4AA1440F77D8}.Release|x86.ActiveCfg = Release|Win32
		{A2E87FFF-0127-4598-B3A6-4AA1440F77D8}.Release|x86.Build.0 = Release|Win32
	EndGlobalSection
	GlobalSection(SolutionProperties) = preSolution
		HideSolutionNode = FALSE
	EndGlobalSection
	GlobalSection(ExtensibilityGlobals) = postSolution
		SolutionGuid = {AC01CD54-B423-4CF7-8DFB-F25A18992110}
	EndGlobalSection
EndGlobal
